# This file is autogenerated, do not edit; changes may be undone by the next 'dep ensure'.


[[projects]]
  digest = "1:fb8459b685ed5bd854573b57766937280b74b218c6fa128af6d80aa0343f4694"
  name = "github.com/tealeg/xlsx"
  packages = ["."]
  pruneopts = "UT"
  revision = "7476f094548e5a0e9131fbaf1a5a53e38bf26e9a"
  version = "v2.0.1"

[solve-meta]
  analyzer-name = "dep"
  analyzer-version = 1
  input-imports = ["github.com/tealeg/xlsx"]
  solver-name = "gps-cdcl"
  solver-version = 1
